// !$*UTF8*$!
{
	archiveVersion = 1;
	classes = {
	};
	objectVersion = 50;
	objects = {

/* Begin PBXBuildFile section */
		8F72AEBC23D3AD8800E0EF5B /* AppDelegate.swift in Sources */ = {isa = PBXBuildFile; fileRef = 8F72AEBB23D3AD8800E0EF5B /* AppDelegate.swift */; };
		8F72AEBE23D3AD8800E0EF5B /* SceneDelegate.swift in Sources */ = {isa = PBXBuildFile; fileRef = 8F72AEBD23D3AD8800E0EF5B /* SceneDelegate.swift */; };
		8F72AEC023D3AD8800E0EF5B /* ViewController.swift in Sources */ = {isa = PBXBuildFile; fileRef = 8F72AEBF23D3AD8800E0EF5B /* ViewController.swift */; };
		8F72AEC323D3AD8800E0EF5B /* Main.storyboard in Resources */ = {isa = PBXBuildFile; fileRef = 8F72AEC123D3AD8800E0EF5B /* Main.storyboard */; };
		8F72AEC523D3AD8D00E0EF5B /* Assets.xcassets in Resources */ = {isa = PBXBuildFile; fileRef = 8F72AEC423D3AD8D00E0EF5B /* Assets.xcassets */; };
		8F72AEC823D3AD8D00E0EF5B /* LaunchScreen.storyboard in Resources */ = {isa = PBXBuildFile; fileRef = 8F72AEC623D3AD8D00E0EF5B /* LaunchScreen.storyboard */; };
		8F72AED323D3AD8D00E0EF5B /* TestCollectionViewTests.swift in Sources */ = {isa = PBXBuildFile; fileRef = 8F72AED223D3AD8D00E0EF5B /* TestCollectionViewTests.swift */; };
		8F72AEDE23D3AD8D00E0EF5B /* TestCollectionViewUITests.swift in Sources */ = {isa = PBXBuildFile; fileRef = 8F72AEDD23D3AD8D00E0EF5B /* TestCollectionViewUITests.swift */; };
		8F72AEEE23D3AE0600E0EF5B /* CardsViewController.swift in Sources */ = {isa = PBXBuildFile; fileRef = 8F72AEEC23D3AE0600E0EF5B /* CardsViewController.swift */; };
		8F72AEEF23D3AE0600E0EF5B /* CardHeaderCell.swift in Sources */ = {isa = PBXBuildFile; fileRef = 8F72AEED23D3AE0600E0EF5B /* CardHeaderCell.swift */; };
		8F72AEF123D3AE3700E0EF5B /* BaseListController.swift in Sources */ = {isa = PBXBuildFile; fileRef = 8F72AEF023D3AE3700E0EF5B /* BaseListController.swift */; };
		8F72AEF423D3AECE00E0EF5B /* UIView+Layout.swift in Sources */ = {isa = PBXBuildFile; fileRef = 8F72AEF223D3AECE00E0EF5B /* UIView+Layout.swift */; };
		8F72AEF523D3AECE00E0EF5B /* VerticalStackView.swift in Sources */ = {isa = PBXBuildFile; fileRef = 8F72AEF323D3AECE00E0EF5B /* VerticalStackView.swift */; };
		8F72AEF723D3AF2500E0EF5B /*  UIImageView-extensions.swift in Sources */ = {isa = PBXBuildFile; fileRef = 8F72AEF623D3AF2500E0EF5B /*  UIImageView-extensions.swift */; };
/* End PBXBuildFile section */

/* Begin PBXContainerItemProxy section */
		8F72AECF23D3AD8D00E0EF5B /* PBXContainerItemProxy */ = {
			isa = PBXContainerItemProxy;
			containerPortal = 8F72AEB023D3AD8800E0EF5B /* Project object */;
			proxyType = 1;
			remoteGlobalIDString = 8F72AEB723D3AD8800E0EF5B;
			remoteInfo = TestCollectionView;
		};
		8F72AEDA23D3AD8D00E0EF5B /* PBXContainerItemProxy */ = {
			isa = PBXContainerItemProxy;
			containerPortal = 8F72AEB023D3AD8800E0EF5B /* Project object */;
			proxyType = 1;
			remoteGlobalIDString = 8F72AEB723D3AD8800E0EF5B;
			remoteInfo = TestCollectionView;
		};
/* End PBXContainerItemProxy section */

/* Begin PBXFileReference section */
		8F72AEB823D3AD8800E0EF5B /* TestCollectionView.app */ = {isa = PBXFileReference; explicitFileType = wrapper.application; includeInIndex = 0; path = TestCollectionView.app; sourceTree = BUILT_PRODUCTS_DIR; };
		8F72AEBB23D3AD8800E0EF5B /* AppDelegate.swift */ = {isa = PBXFileReference; lastKnownFileType = sourcecode.swift; path = AppDelegate.swift; sourceTree = "<group>"; };
		8F72AEBD23D3AD8800E0EF5B /* SceneDelegate.swift */ = {isa = PBXFileReference; lastKnownFileType = sourcecode.swift; path = SceneDelegate.swift; sourceTree = "<group>"; };
		8F72AEBF23D3AD8800E0EF5B /* ViewController.swift */ = {isa = PBXFileReference; lastKnownFileType = sourcecode.swift; path = ViewController.swift; sourceTree = "<group>"; };
		8F72AEC223D3AD8800E0EF5B /* Base */ = {isa = PBXFileReference; lastKnownFileType = file.storyboard; name = Base; path = Base.lproj/Main.storyboard; sourceTree = "<group>"; };
		8F72AEC423D3AD8D00E0EF5B /* Assets.xcassets */ = {isa = PBXFileReference; lastKnownFileType = folder.assetcatalog; path = Assets.xcassets; sourceTree = "<group>"; };
		8F72AEC723D3AD8D00E0EF5B /* Base */ = {isa = PBXFileReference; lastKnownFileType = file.storyboard; name = Base; path = Base.lproj/LaunchScreen.storyboard; sourceTree = "<group>"; };
		8F72AEC923D3AD8D00E0EF5B /* Info.plist */ = {isa = PBXFileReference; lastKnownFileType = text.plist.xml; path = Info.plist; sourceTree = "<group>"; };
		8F72AECE23D3AD8D00E0EF5B /* TestCollectionViewTests.xctest */ = {isa = PBXFileReference; explicitFileType = wrapper.cfbundle; includeInIndex = 0; path = TestCollectionViewTests.xctest; sourceTree = BUILT_PRODUCTS_DIR; };
		8F72AED223D3AD8D00E0EF5B /* TestCollectionViewTests.swift */ = {isa = PBXFileReference; lastKnownFileType = sourcecode.swift; path = TestCollectionViewTests.swift; sourceTree = "<group>"; };
		8F72AED423D3AD8D00E0EF5B /* Info.plist */ = {isa = PBXFileReference; lastKnownFileType = text.plist.xml; path = Info.plist; sourceTree = "<group>"; };
		8F72AED923D3AD8D00E0EF5B /* TestCollectionViewUITests.xctest */ = {isa = PBXFileReference; explicitFileType = wrapper.cfbundle; includeInIndex = 0; path = TestCollectionViewUITests.xctest; sourceTree = BUILT_PRODUCTS_DIR; };
		8F72AEDD23D3AD8D00E0EF5B /* TestCollectionViewUITests.swift */ = {isa = PBXFileReference; lastKnownFileType = sourcecode.swift; path = TestCollectionViewUITests.swift; sourceTree = "<group>"; };
		8F72AEDF23D3AD8D00E0EF5B /* Info.plist */ = {isa = PBXFileReference; lastKnownFileType = text.plist.xml; path = Info.plist; sourceTree = "<group>"; };
		8F72AEEC23D3AE0600E0EF5B /* CardsViewController.swift */ = {isa = PBXFileReference; fileEncoding = 4; lastKnownFileType = sourcecode.swift; path = CardsViewController.swift; sourceTree = "<group>"; };
		8F72AEED23D3AE0600E0EF5B /* CardHeaderCell.swift */ = {isa = PBXFileReference; fileEncoding = 4; lastKnownFileType = sourcecode.swift; path = CardHeaderCell.swift; sourceTree = "<group>"; };
		8F72AEF023D3AE3700E0EF5B /* BaseListController.swift */ = {isa = PBXFileReference; fileEncoding = 4; lastKnownFileType = sourcecode.swift; path = BaseListController.swift; sourceTree = "<group>"; };
		8F72AEF223D3AECE00E0EF5B /* UIView+Layout.swift */ = {isa = PBXFileReference; fileEncoding = 4; lastKnownFileType = sourcecode.swift; path = "UIView+Layout.swift"; sourceTree = "<group>"; };
		8F72AEF323D3AECE00E0EF5B /* VerticalStackView.swift */ = {isa = PBXFileReference; fileEncoding = 4; lastKnownFileType = sourcecode.swift; path = VerticalStackView.swift; sourceTree = "<group>"; };
		8F72AEF623D3AF2500E0EF5B /*  UIImageView-extensions.swift */ = {isa = PBXFileReference; fileEncoding = 4; lastKnownFileType = sourcecode.swift; path = " UIImageView-extensions.swift"; sourceTree = "<group>"; };
/* End PBXFileReference section */

/* Begin PBXFrameworksBuildPhase section */
		8F72AEB523D3AD8800E0EF5B /* Frameworks */ = {
			isa = PBXFrameworksBuildPhase;
			buildActionMask = 2147483647;
			files = (
			);
			runOnlyForDeploymentPostprocessing = 0;
		};
		8F72AECB23D3AD8D00E0EF5B /* Frameworks */ = {
			isa = PBXFrameworksBuildPhase;
			buildActionMask = 2147483647;
			files = (
			);
			runOnlyForDeploymentPostprocessing = 0;
		};
		8F72AED623D3AD8D00E0EF5B /* Frameworks */ = {
			isa = PBXFrameworksBuildPhase;
			buildActionMask = 2147483647;
			files = (
			);
			runOnlyForDeploymentPostprocessing = 0;
		};
/* End PBXFrameworksBuildPhase section */

/* Begin PBXGroup section */
		8F72AEAF23D3AD8800E0EF5B = {
			isa = PBXGroup;
			children = (
				8F72AEBA23D3AD8800E0EF5B /* TestCollectionView */,
				8F72AED123D3AD8D00E0EF5B /* TestCollectionViewTests */,
				8F72AEDC23D3AD8D00E0EF5B /* TestCollectionViewUITests */,
				8F72AEB923D3AD8800E0EF5B /* Products */,
			);
			sourceTree = "<group>";
		};
		8F72AEB923D3AD8800E0EF5B /* Products */ = {
			isa = PBXGroup;
			children = (
				8F72AEB823D3AD8800E0EF5B /* TestCollectionView.app */,
				8F72AECE23D3AD8D00E0EF5B /* TestCollectionViewTests.xctest */,
				8F72AED923D3AD8D00E0EF5B /* TestCollectionViewUITests.xctest */,
			);
			name = Products;
			sourceTree = "<group>";
		};
		8F72AEBA23D3AD8800E0EF5B /* TestCollectionView */ = {
			isa = PBXGroup;
			children = (
				8F72AEEB23D3ADF500E0EF5B /* CardsHorizontal */,
				8F72AEBB23D3AD8800E0EF5B /* AppDelegate.swift */,
				8F72AEBD23D3AD8800E0EF5B /* SceneDelegate.swift */,
				8F72AEBF23D3AD8800E0EF5B /* ViewController.swift */,
				8F72AEC123D3AD8800E0EF5B /* Main.storyboard */,
				8F72AEC423D3AD8D00E0EF5B /* Assets.xcassets */,
				8F72AEC623D3AD8D00E0EF5B /* LaunchScreen.storyboard */,
				8F72AEC923D3AD8D00E0EF5B /* Info.plist */,
			);
			path = TestCollectionView;
			sourceTree = "<group>";
		};
		8F72AED123D3AD8D00E0EF5B /* TestCollectionViewTests */ = {
			isa = PBXGroup;
			children = (
				8F72AED223D3AD8D00E0EF5B /* TestCollectionViewTests.swift */,
				8F72AED423D3AD8D00E0EF5B /* Info.plist */,
			);
			path = TestCollectionViewTests;
			sourceTree = "<group>";
		};
		8F72AEDC23D3AD8D00E0EF5B /* TestCollectionViewUITests */ = {
			isa = PBXGroup;
			children = (
				8F72AEDD23D3AD8D00E0EF5B /* TestCollectionViewUITests.swift */,
				8F72AEDF23D3AD8D00E0EF5B /* Info.plist */,
			);
			path = TestCollectionViewUITests;
			sourceTree = "<group>";
		};
		8F72AEEB23D3ADF500E0EF5B /* CardsHorizontal */ = {
			isa = PBXGroup;
			children = (
				8F72AEF623D3AF2500E0EF5B /*  UIImageView-extensions.swift */,
				8F72AEF223D3AECE00E0EF5B /* UIView+Layout.swift */,
				8F72AEF323D3AECE00E0EF5B /* VerticalStackView.swift */,
				8F72AEF023D3AE3700E0EF5B /* BaseListController.swift */,
				8F72AEED23D3AE0600E0EF5B /* CardHeaderCell.swift */,
				8F72AEEC23D3AE0600E0EF5B /* CardsViewController.swift */,
			);
			path = CardsHorizontal;
			sourceTree = "<group>";
		};
/* End PBXGroup section */

/* Begin PBXNativeTarget section */
		8F72AEB723D3AD8800E0EF5B /* TestCollectionView */ = {
			isa = PBXNativeTarget;
			buildConfigurationList = 8F72AEE223D3AD8D00E0EF5B /* Build configuration list for PBXNativeTarget "TestCollectionView" */;
			buildPhases = (
				8F72AEB423D3AD8800E0EF5B /* Sources */,
				8F72AEB523D3AD8800E0EF5B /* Frameworks */,
				8F72AEB623D3AD8800E0EF5B /* Resources */,
			);
			buildRules = (
			);
			dependencies = (
			);
			name = TestCollectionView;
			productName = TestCollectionView;
			productReference = 8F72AEB823D3AD8800E0EF5B /* TestCollectionView.app */;
			productType = "com.apple.product-type.application";
		};
		8F72AECD23D3AD8D00E0EF5B /* TestCollectionViewTests */ = {
			isa = PBXNativeTarget;
			buildConfigurationList = 8F72AEE523D3AD8D00E0EF5B /* Build configuration list for PBXNativeTarget "TestCollectionViewTests" */;
			buildPhases = (
				8F72AECA23D3AD8D00E0EF5B /* Sources */,
				8F72AECB23D3AD8D00E0EF5B /* Frameworks */,
				8F72AECC23D3AD8D00E0EF5B /* Resources */,
			);
			buildRules = (
			);
			dependencies = (
				8F72AED023D3AD8D00E0EF5B /* PBXTargetDependency */,
			);
			name = TestCollectionViewTests;
			productName = TestCollectionViewTests;
			productReference = 8F72AECE23D3AD8D00E0EF5B /* TestCollectionViewTests.xctest */;
			productType = "com.apple.product-type.bundle.unit-test";
		};
		8F72AED823D3AD8D00E0EF5B /* TestCollectionViewUITests */ = {
			isa = PBXNativeTarget;
			buildConfigurationList = 8F72AEE823D3AD8D00E0EF5B /* Build configuration list for PBXNativeTarget "TestCollectionViewUITests" */;
			buildPhases = (
				8F72AED523D3AD8D00E0EF5B /* Sources */,
				8F72AED623D3AD8D00E0EF5B /* Frameworks */,
				8F72AED723D3AD8D00E0EF5B /* Resources */,
			);
			buildRules = (
			);
			dependencies = (
				8F72AEDB23D3AD8D00E0EF5B /* PBXTargetDependency */,
			);
			name = TestCollectionViewUITests;
			productName = TestCollectionViewUITests;
			productReference = 8F72AED923D3AD8D00E0EF5B /* TestCollectionViewUITests.xctest */;
			productType = "com.apple.product-type.bundle.ui-testing";
		};
/* End PBXNativeTarget section */

/* Begin PBXProject section */
		8F72AEB023D3AD8800E0EF5B /* Project object */ = {
			isa = PBXProject;
			attributes = {
				LastSwiftUpdateCheck = 1130;
				LastUpgradeCheck = 1130;
				ORGANIZATIONNAME = "Stephan Korner";
				TargetAttributes = {
					8F72AEB723D3AD8800E0EF5B = {
						CreatedOnToolsVersion = 11.3;
					};
					8F72AECD23D3AD8D00E0EF5B = {
						CreatedOnToolsVersion = 11.3;
						TestTargetID = 8F72AEB723D3AD8800E0EF5B;
					};
					8F72AED823D3AD8D00E0EF5B = {
						CreatedOnToolsVersion = 11.3;
						TestTargetID = 8F72AEB723D3AD8800E0EF5B;
					};
				};
			};
			buildConfigurationList = 8F72AEB323D3AD8800E0EF5B /* Build configuration list for PBXProject "TestCollectionView" */;
			compatibilityVersion = "Xcode 9.3";
			developmentRegion = en;
			hasScannedForEncodings = 0;
			knownRegions = (
				en,
				Base,
			);
			mainGroup = 8F72AEAF23D3AD8800E0EF5B;
			productRefGroup = 8F72AEB923D3AD8800E0EF5B /* Products */;
			projectDirPath = "";
			projectRoot = "";
			targets = (
				8F72AEB723D3AD8800E0EF5B /* TestCollectionView */,
				8F72AECD23D3AD8D00E0EF5B /* TestCollectionViewTests */,
				8F72AED823D3AD8D00E0EF5B /* TestCollectionViewUITests */,
			);
		};
/* End PBXProject section */

/* Begin PBXResourcesBuildPhase section */
		8F72AEB623D3AD8800E0EF5B /* Resources */ = {
			isa = PBXResourcesBuildPhase;
			buildActionMask = 2147483647;
			files = (
				8F72AEC823D3AD8D00E0EF5B /* LaunchScreen.storyboard in Resources */,
				8F72AEC523D3AD8D00E0EF5B /* Assets.xcassets in Resources */,
				8F72AEC323D3AD8800E0EF5B /* Main.storyboard in Resources */,
			);
			runOnlyForDeploymentPostprocessing = 0;
		};
		8F72AECC23D3AD8D00E0EF5B /* Resources */ = {
			isa = PBXResourcesBuildPhase;
			buildActionMask = 2147483647;
			files = (
			);
			runOnlyForDeploymentPostprocessing = 0;
		};
		8F72AED723D3AD8D00E0EF5B /* Resources */ = {
			isa = PBXResourcesBuildPhase;
			buildActionMask = 2147483647;
			files = (
			);
			runOnlyForDeploymentPostprocessing = 0;
		};
/* End PBXResourcesBuildPhase section */

/* Begin PBXSourcesBuildPhase section */
		8F72AEB423D3AD8800E0EF5B /* Sources */ = {
			isa = PBXSourcesBuildPhase;
			buildActionMask = 2147483647;
			files = (
				8F72AEEF23D3AE0600E0EF5B /* CardHeaderCell.swift in Sources */,
				8F72AEEE23D3AE0600E0EF5B /* CardsViewController.swift in Sources */,
				8F72AEC023D3AD8800E0EF5B /* ViewController.swift in Sources */,
				8F72AEF723D3AF2500E0EF5B /*  UIImageView-extensions.swift in Sources */,
				8F72AEBC23D3AD8800E0EF5B /* AppDelegate.swift in Sources */,
				8F72AEF123D3AE3700E0EF5B /* BaseListController.swift in Sources */,
				8F72AEF523D3AECE00E0EF5B /* VerticalStackView.swift in Sources */,
				8F72AEF423D3AECE00E0EF5B /* UIView+Layout.swift in Sources */,
				8F72AEBE23D3AD8800E0EF5B /* SceneDelegate.swift in Sources */,
			);
			runOnlyForDeploymentPostprocessing = 0;
		};
		8F72AECA23D3AD8D00E0EF5B /* Sources */ = {
			isa = PBXSourcesBuildPhase;
			buildActionMask = 2147483647;
			files = (
				8F72AED323D3AD8D00E0EF5B /* TestCollectionViewTests.swift in Sources */,
			);
			runOnlyForDeploymentPostprocessing = 0;
		};
		8F72AED523D3AD8D00E0EF5B /* Sources */ = {
			isa = PBXSourcesBuildPhase;
			buildActionMask = 2147483647;
			files = (
				8F72AEDE23D3AD8D00E0EF5B /* TestCollectionViewUITests.swift in Sources */,
			);
			runOnlyForDeploymentPostprocessing = 0;
		};
/* End PBXSourcesBuildPhase section */

/* Begin PBXTargetDependency section */
		8F72AED023D3AD8D00E0EF5B /* PBXTargetDependency */ = {
			isa = PBXTargetDependency;
			target = 8F72AEB723D3AD8800E0EF5B /* TestCollectionView */;
			targetProxy = 8F72AECF23D3AD8D00E0EF5B /* PBXContainerItemProxy */;
		};
		8F72AEDB23D3AD8D00E0EF5B /* PBXTargetDependency */ = {
			isa = PBXTargetDependency;
			target = 8F72AEB723D3AD8800E0EF5B /* TestCollectionView */;
			targetProxy = 8F72AEDA23D3AD8D00E0EF5B /* PBXContainerItemProxy */;
		};
/* End PBXTargetDependency section */

/* Begin PBXVariantGroup section */
		8F72AEC123D3AD8800E0EF5B /* Main.storyboard */ = {
			isa = PBXVariantGroup;
			children = (
				8F72AEC223D3AD8800E0EF5B /* Base */,
			);
			name = Main.storyboard;
			sourceTree = "<group>";
		};
		8F72AEC623D3AD8D00E0EF5B /* LaunchScreen.storyboard */ = {
			isa = PBXVariantGroup;
			children = (
				8F72AEC723D3AD8D00E0EF5B /* Base */,
			);
			name = LaunchScreen.storyboard;
			sourceTree = "<group>";
		};
/* End PBXVariantGroup section */

/* Begin XCBuildConfiguration section */
		8F72AEE023D3AD8D00E0EF5B /* Debug */ = {
			isa = XCBuildConfiguration;
			buildSettings = {
				ALWAYS_SEARCH_USER_PATHS = NO;
				CLANG_ANALYZER_NONNULL = YES;
				CLANG_ANALYZER_NUMBER_OBJECT_CONVERSION = YES_AGGRESSIVE;
				CLANG_CXX_LANGUAGE_STANDARD = "gnu++14";
				CLANG_CXX_LIBRARY = "libc++";
				CLANG_ENABLE_MODULES = YES;
				CLANG_ENABLE_OBJC_ARC = YES;
				CLANG_ENABLE_OBJC_WEAK = YES;
				CLANG_WARN_BLOCK_CAPTURE_AUTORELEASING = YES;
				CLANG_WARN_BOOL_CONVERSION = YES;
				CLANG_WARN_COMMA = YES;
				CLANG_WARN_CONSTANT_CONVERSION = YES;
				CLANG_WARN_DEPRECATED_OBJC_IMPLEMENTATIONS = YES;
				CLANG_WARN_DIRECT_OBJC_ISA_USAGE = YES_ERROR;
				CLANG_WARN_DOCUMENTATION_COMMENTS = YES;
				CLANG_WARN_EMPTY_BODY = YES;
				CLANG_WARN_ENUM_CONVERSION = YES;
				CLANG_WARN_INFINITE_RECURSION = YES;
				CLANG_WARN_INT_CONVERSION = YES;
				CLANG_WARN_NON_LITERAL_NULL_CONVERSION = YES;
				CLANG_WARN_OBJC_IMPLICIT_RETAIN_SELF = YES;
				CLANG_WARN_OBJC_LITERAL_CONVERSION = YES;
				CLANG_WARN_OBJC_ROOT_CLASS = YES_ERROR;
				CLANG_WARN_RANGE_LOOP_ANALYSIS = YES;
				CLANG_WARN_STRICT_PROTOTYPES = YES;
				CLANG_WARN_SUSPICIOUS_MOVE = YES;
				CLANG_WARN_UNGUARDED_AVAILABILITY = YES_AGGRESSIVE;
				CLANG_WARN_UNREACHABLE_CODE = YES;
				CLANG_WARN__DUPLICATE_METHOD_MATCH = YES;
				COPY_PHASE_STRIP = NO;
				DEBUG_INFORMATION_FORMAT = dwarf;
				ENABLE_STRICT_OBJC_MSGSEND = YES;
				ENABLE_TESTABILITY = YES;
				GCC_C_LANGUAGE_STANDARD = gnu11;
				GCC_DYNAMIC_NO_PIC = NO;
				GCC_NO_COMMON_BLOCKS = YES;
				GCC_OPTIMIZATION_LEVEL = 0;
				GCC_PREPROCESSOR_DEFINITIONS = (
					"DEBUG=1",
					"$(inherited)",
				);
				GCC_WARN_64_TO_32_BIT_CONVERSION = YES;
				GCC_WARN_ABOUT_RETURN_TYPE = YES_ERROR;
				GCC_WARN_UNDECLARED_SELECTOR = YES;
				GCC_WARN_UNINITIALIZED_AUTOS = YES_AGGRESSIVE;
				GCC_WARN_UNUSED_FUNCTION = YES;
				GCC_WARN_UNUSED_VARIABLE = YES;
				IPHONEOS_DEPLOYMENT_TARGET = 13.2;
				MTL_ENABLE_DEBUG_INFO = INCLUDE_SOURCE;
				MTL_FAST_MATH = YES;
				ONLY_ACTIVE_ARCH = YES;
				SDKROOT = iphoneos;
				SWIFT_ACTIVE_COMPILATION_CONDITIONS = DEBUG;
				SWIFT_OPTIMIZATION_LEVEL = "-Onone";
			};
			name = Debug;
		};
		8F72AEE123D3AD8D00E0EF5B /* Release */ = {
			isa = XCBuildConfiguration;
			buildSettings = {
				ALWAYS_SEARCH_USER_PATHS = NO;
				CLANG_ANALYZER_NONNULL = YES;
				CLANG_ANALYZER_NUMBER_OBJECT_CONVERSION = YES_AGGRESSIVE;
				CLANG_CXX_LANGUAGE_STANDARD = "gnu++14";
				CLANG_CXX_LIBRARY = "libc++";
				CLANG_ENABLE_MODULES = YES;
				CLANG_ENABLE_OBJC_ARC = YES;
				CLANG_ENABLE_OBJC_WEAK = YES;
				CLANG_WARN_BLOCK_CAPTURE_AUTORELEASING = YES;
				CLANG_WARN_BOOL_CONVERSION = YES;
				CLANG_WARN_COMMA = YES;
				CLANG_WARN_CONSTANT_CONVERSION = YES;
				CLANG_WARN_DEPRECATED_OBJC_IMPLEMENTATIONS = YES;
				CLANG_WARN_DIRECT_OBJC_ISA_USAGE = YES_ERROR;
				CLANG_WARN_DOCUMENTATION_COMMENTS = YES;
				CLANG_WARN_EMPTY_BODY = YES;
				CLANG_WARN_ENUM_CONVERSION = YES;
				CLANG_WARN_INFINITE_RECURSION = YES;
				CLANG_WARN_INT_CONVERSION = YES;
				CLANG_WARN_NON_LITERAL_NULL_CONVERSION = YES;
				CLANG_WARN_OBJC_IMPLICIT_RETAIN_SELF = YES;
				CLANG_WARN_OBJC_LITERAL_CONVERSION = YES;
				CLANG_WARN_OBJC_ROOT_CLASS = YES_ERROR;
				CLANG_WARN_RANGE_LOOP_ANALYSIS = YES;
				CLANG_WARN_STRICT_PROTOTYPES = YES;
				CLANG_WARN_SUSPICIOUS_MOVE = YES;
				CLANG_WARN_UNGUARDED_AVAILABILITY = YES_AGGRESSIVE;
				CLANG_WARN_UNREACHABLE_CODE = YES;
				CLANG_WARN__DUPLICATE_METHOD_MATCH = YES;
				COPY_PHASE_STRIP = NO;
				DEBUG_INFORMATION_FORMAT = "dwarf-with-dsym";
				ENABLE_NS_ASSERTIONS = NO;
				ENABLE_STRICT_OBJC_MSGSEND = YES;
				GCC_C_LANGUAGE_STANDARD = gnu11;
				GCC_NO_COMMON_BLOCKS = YES;
				GCC_WARN_64_TO_32_BIT_CONVERSION = YES;
				GCC_WARN_ABOUT_RETURN_TYPE = YES_ERROR;
				GCC_WARN_UNDECLARED_SELECTOR = YES;
				GCC_WARN_UNINITIALIZED_AUTOS = YES_AGGRESSIVE;
				GCC_WARN_UNUSED_FUNCTION = YES;
				GCC_WARN_UNUSED_VARIABLE = YES;
				IPHONEOS_DEPLOYMENT_TARGET = 13.2;
				MTL_ENABLE_DEBUG_INFO = NO;
				MTL_FAST_MATH = YES;
				SDKROOT = iphoneos;
				SWIFT_COMPILATION_MODE = wholemodule;
				SWIFT_OPTIMIZATION_LEVEL = "-O";
				VALIDATE_PRODUCT = YES;
			};
			name = Release;
		};
		8F72AEE323D3AD8D00E0EF5B /* Debug */ = {
			isa = XCBuildConfiguration;
			buildSettings = {
				ASSETCATALOG_COMPILER_APPICON_NAME = AppIcon;
				CODE_SIGN_STYLE = Automatic;
				DEVELOPMENT_TEAM = L2LWLYYW3N;
				INFOPLIST_FILE = TestCollectionView/Info.plist;
				LD_RUNPATH_SEARCH_PATHS = (
					"$(inherited)",
					"@executable_path/Frameworks",
				);
				PRODUCT_BUNDLE_IDENTIFIER = ch..ideenkaffee.TestCollectionView;
				PRODUCT_NAME = "$(TARGET_NAME)";
				SWIFT_VERSION = 5.0;
				TARGETED_DEVICE_FAMILY = "1,2";
			};
			name = Debug;
		};
		8F72AEE423D3AD8D00E0EF5B /* Release */ = {
			isa = XCBuildConfiguration;
			buildSettings = {
				ASSETCATALOG_COMPILER_APPICON_NAME = AppIcon;
				CODE_SIGN_STYLE = Automatic;
				DEVELOPMENT_TEAM = L2LWLYYW3N;
				INFOPLIST_FILE = TestCollectionView/Info.plist;
				LD_RUNPATH_SEARCH_PATHS = (
					"$(inherited)",
					"@executable_path/Frameworks",
				);
				PRODUCT_BUNDLE_IDENTIFIER = ch..ideenkaffee.TestCollectionView;
				PRODUCT_NAME = "$(TARGET_NAME)";
				SWIFT_VERSION = 5.0;
				TARGETED_DEVICE_FAMILY = "1,2";
			};
			name = Release;
		};
		8F72AEE623D3AD8D00E0EF5B /* Debug */ = {
			isa = XCBuildConfiguration;
			buildSettings = {
				ALWAYS_EMBED_SWIFT_STANDARD_LIBRARIES = YES;
				BUNDLE_LOADER = "$(TEST_HOST)";
				CODE_SIGN_STYLE = Automatic;
				DEVELOPMENT_TEAM = L2LWLYYW3N;
				INFOPLIST_FILE = TestCollectionViewTests/Info.plist;
				IPHONEOS_DEPLOYMENT_TARGET = 13.2;
				LD_RUNPATH_SEARCH_PATHS = (
					"$(inherited)",
					"@executable_path/Frameworks",
					"@loader_path/Frameworks",
				);
				PRODUCT_BUNDLE_IDENTIFIER = ch..ideenkaffee.TestCollectionViewTests;
				PRODUCT_NAME = "$(TARGET_NAME)";
				SWIFT_VERSION = 5.0;
				TARGETED_DEVICE_FAMILY = "1,2";
				TEST_HOST = "$(BUILT_PRODUCTS_DIR)/TestCollectionView.app/TestCollectionView";
			};
			name = Debug;
		};
		8F72AEE723D3AD8D00E0EF5B /* Release */ = {
			isa = XCBuildConfiguration;
			buildSettings = {
				ALWAYS_EMBED_SWIFT_STANDARD_LIBRARIES = YES;
				BUNDLE_LOADER = "$(TEST_HOST)";
				CODE_SIGN_STYLE = Automatic;
				DEVELOPMENT_TEAM = L2LWLYYW3N;
				INFOPLIST_FILE = TestCollectionViewTests/Info.plist;
				IPHONEOS_DEPLOYMENT_TARGET = 13.2;
				LD_RUNPATH_SEARCH_PATHS = (
					"$(inherited)",
					"@executable_path/Frameworks",
					"@loader_path/Frameworks",
				);
				PRODUCT_BUNDLE_IDENTIFIER = ch..ideenkaffee.TestCollectionViewTests;
				PRODUCT_NAME = "$(TARGET_NAME)";
				SWIFT_VERSION = 5.0;
				TARGETED_DEVICE_FAMILY = "1,2";
				TEST_HOST = "$(BUILT_PRODUCTS_DIR)/TestCollectionView.app/TestCollectionView";
			};
			name = Release;
		};
		8F72AEE923D3AD8D00E0EF5B /* Debug */ = {
			isa = XCBuildConfiguration;
			buildSettings = {
				ALWAYS_EMBED_SWIFT_STANDARD_LIBRARIES = YES;
				CODE_SIGN_STYLE = Automatic;
				DEVELOPMENT_TEAM = L2LWLYYW3N;
				INFOPLIST_FILE = TestCollectionViewUITests/Info.plist;
				LD_RUNPATH_SEARCH_PATHS = (
					"$(inherited)",
					"@executable_path/Frameworks",
					"@loader_path/Frameworks",
				);
				PRODUCT_BUNDLE_IDENTIFIER = ch..ideenkaffee.TestCollectionViewUITests;
				PRODUCT_NAME = "$(TARGET_NAME)";
				SWIFT_VERSION = 5.0;
				TARGETED_DEVICE_FAMILY = "1,2";
				TEST_TARGET_NAME = TestCollectionView;
			};
			name = Debug;
		};
		8F72AEEA23D3AD8D00E0EF5B /* Release */ = {
			isa = XCBuildConfiguration;
			buildSettings = {
				ALWAYS_EMBED_SWIFT_STANDARD_LIBRARIES = YES;
				CODE_SIGN_STYLE = Automatic;
				DEVELOPMENT_TEAM = L2LWLYYW3N;
				INFOPLIST_FILE = TestCollectionViewUITests/Info.plist;
				LD_RUNPATH_SEARCH_PATHS = (
					"$(inherited)",
					"@executable_path/Frameworks",
					"@loader_path/Frameworks",
				);
				PRODUCT_BUNDLE_IDENTIFIER = ch..ideenkaffee.TestCollectionViewUITests;
				PRODUCT_NAME = "$(TARGET_NAME)";
				SWIFT_VERSION = 5.0;
				TARGETED_DEVICE_FAMILY = "1,2";
				TEST_TARGET_NAME = TestCollectionView;
			};
			name = Release;
		};
/* End XCBuildConfiguration section */

/* Begin XCConfigurationList section */
		8F72AEB323D3AD8800E0EF5B /* Build configuration list for PBXProject "TestCollectionView" */ = {
			isa = XCConfigurationList;
			buildConfigurations = (
				8F72AEE023D3AD8D00E0EF5B /* Debug */,
				8F72AEE123D3AD8D00E0EF5B /* Release */,
			);
			defaultConfigurationIsVisible = 0;
			defaultConfigurationName = Release;
		};
		8F72AEE223D3AD8D00E0EF5B /* Build configuration list for PBXNativeTarget "TestCollectionView" */ = {
			isa = XCConfigurationList;
			buildConfigurations = (
				8F72AEE323D3AD8D00E0EF5B /* Debug */,
				8F72AEE423D3AD8D00E0EF5B /* Release */,
			);
			defaultConfigurationIsVisible = 0;
			defaultConfigurationName = Release;
		};
		8F72AEE523D3AD8D00E0EF5B /* Build configuration list for PBXNativeTarget "TestCollectionViewTests" */ = {
			isa = XCConfigurationList;
			buildConfigurations = (
				8F72AEE623D3AD8D00E0EF5B /* Debug */,
				8F72AEE723D3AD8D00E0EF5B /* Release */,
			);
			defaultConfigurationIsVisible = 0;
			defaultConfigurationName = Release;
		};
		8F72AEE823D3AD8D00E0EF5B /* Build configuration list for PBXNativeTarget "TestCollectionViewUITests" */ = {
			isa = XCConfigurationList;
			buildConfigurations = (
				8F72AEE923D3AD8D00E0EF5B /* Debug */,
				8F72AEEA23D3AD8D00E0EF5B /* Release */,
			);
			defaultConfigurationIsVisible = 0;
			defaultConfigurationName = Release;
		};
/* End XCConfigurationList section */
	};
	rootObject = 8F72AEB023D3AD8800E0EF5B /* Project object */;
}
